
Microsoft Visual Studio Solution File, Format Version 12.00
# Visual Studio Version 17
VisualStudioVersion = 17.4.33122.133
MinimumVisualStudioVersion = 10.0.40219.1
Project("{FAE04EC0-301F-11D3-BF4B-00C04F79EFBC}") = "todo", "todo\todo.csproj", "{55342090-1F5C-49CE-A9B5-2C473E670015}"
EndProject
Global
	GlobalSection(SolutionConfigurationPlatforms) = preSolution
		Debug|Any CPU = Debug|Any CPU
		Release|Any CPU = Release|Any CPU
	EndGlobalSection
	GlobalSection(ProjectConfigurationPlatforms) = postSolution
		{55342090-1F5C-49CE-A9B5-2C473E670015}.Debug|Any CPU.ActiveCfg = Debug|Any CPU
		{55342090-1F5C-49CE-A9B5-2C473E670015}.Debug|Any CPU.Build.0 = Debug|Any CPU
		{55342090-1F5C-49CE-A9B5-2C473E670015}.Release|Any CPU.ActiveCfg = Release|Any CPU
		{55342090-1F5C-49CE-A9B5-2C473E670015}.Release|Any CPU.Build.0 = Release|Any CPU
	EndGlobalSection
	GlobalSection(SolutionProperties) = preSolution
		HideSolutionNode = FALSE
	EndGlobalSection
	GlobalSection(ExtensibilityGlobals) = postSolution
		SolutionGuid = {5C9E3D12-63D4-49C7-9844-238E0DBABA8A}
	EndGlobalSection
EndGlobal
